// !$*UTF8*$!
{
	archiveVersion = 1;
	classes = {
	};
	objectVersion = 50;
	objects = {

/* Begin PBXBuildFile section */
		7B45F2CC20BE84E500CDFD90 /* AppDelegate.swift in Sources */ = {isa = PBXBuildFile; fileRef = 7B45F2CB20BE84E500CDFD90 /* AppDelegate.swift */; };
		7B45F2CE20BE84E500CDFD90 /* ViewController.swift in Sources */ = {isa = PBXBuildFile; fileRef = 7B45F2CD20BE84E500CDFD90 /* ViewController.swift */; };
		7B45F2D120BE84E500CDFD90 /* Main.storyboard in Resources */ = {isa = PBXBuildFile; fileRef = 7B45F2CF20BE84E500CDFD90 /* Main.storyboard */; };
		7B45F2D320BE84E800CDFD90 /* Assets.xcassets in Resources */ = {isa = PBXBuildFile; fileRef = 7B45F2D220BE84E800CDFD90 /* Assets.xcassets */; };
		7B45F2D620BE84E800CDFD90 /* LaunchScreen.storyboard in Resources */ = {isa = PBXBuildFile; fileRef = 7B45F2D420BE84E800CDFD90 /* LaunchScreen.storyboard */; };
		7B45F2E120BE84E900CDFD90 /* SPORT_2_0Tests.swift in Sources */ = {isa = PBXBuildFile; fileRef = 7B45F2E020BE84E900CDFD90 /* SPORT_2_0Tests.swift */; };
		7B45F2EC20BE84E900CDFD90 /* SPORT_2_0UITests.swift in Sources */ = {isa = PBXBuildFile; fileRef = 7B45F2EB20BE84E900CDFD90 /* SPORT_2_0UITests.swift */; };
/* End PBXBuildFile section */

/* Begin PBXContainerItemProxy section */
		7B45F2DD20BE84E900CDFD90 /* PBXContainerItemProxy */ = {
			isa = PBXContainerItemProxy;
			containerPortal = 7B45F2C020BE84E500CDFD90 /* Project object */;
			proxyType = 1;
			remoteGlobalIDString = 7B45F2C720BE84E500CDFD90;
			remoteInfo = "SPORT 2.0";
		};
		7B45F2E820BE84E900CDFD90 /* PBXContainerItemProxy */ = {
			isa = PBXContainerItemProxy;
			containerPortal = 7B45F2C020BE84E500CDFD90 /* Project object */;
			proxyType = 1;
			remoteGlobalIDString = 7B45F2C720BE84E500CDFD90;
			remoteInfo = "SPORT 2.0";
		};
/* End PBXContainerItemProxy section */

/* Begin PBXFileReference section */
		7B45F2C820BE84E500CDFD90 /* SPORT 2.0.app */ = {isa = PBXFileReference; explicitFileType = wrapper.application; includeInIndex = 0; path = "SPORT 2.0.app"; sourceTree = BUILT_PRODUCTS_DIR; };
		7B45F2CB20BE84E500CDFD90 /* AppDelegate.swift */ = {isa = PBXFileReference; lastKnownFileType = sourcecode.swift; path = AppDelegate.swift; sourceTree = "<group>"; };
		7B45F2CD20BE84E500CDFD90 /* ViewController.swift */ = {isa = PBXFileReference; lastKnownFileType = sourcecode.swift; path = ViewController.swift; sourceTree = "<group>"; };
		7B45F2D020BE84E500CDFD90 /* Base */ = {isa = PBXFileReference; lastKnownFileType = file.storyboard; name = Base; path = Base.lproj/Main.storyboard; sourceTree = "<group>"; };
		7B45F2D220BE84E800CDFD90 /* Assets.xcassets */ = {isa = PBXFileReference; lastKnownFileType = folder.assetcatalog; path = Assets.xcassets; sourceTree = "<group>"; };
		7B45F2D520BE84E800CDFD90 /* Base */ = {isa = PBXFileReference; lastKnownFileType = file.storyboard; name = Base; path = Base.lproj/LaunchScreen.storyboard; sourceTree = "<group>"; };
		7B45F2D720BE84E800CDFD90 /* Info.plist */ = {isa = PBXFileReference; lastKnownFileType = text.plist.xml; path = Info.plist; sourceTree = "<group>"; };
		7B45F2DC20BE84E900CDFD90 /* SPORT 2.0Tests.xctest */ = {isa = PBXFileReference; explicitFileType = wrapper.cfbundle; includeInIndex = 0; path = "SPORT 2.0Tests.xctest"; sourceTree = BUILT_PRODUCTS_DIR; };
		7B45F2E020BE84E900CDFD90 /* SPORT_2_0Tests.swift */ = {isa = PBXFileReference; lastKnownFileType = sourcecode.swift; path = SPORT_2_0Tests.swift; sourceTree = "<group>"; };
		7B45F2E220BE84E900CDFD90 /* Info.plist */ = {isa = PBXFileReference; lastKnownFileType = text.plist.xml; path = Info.plist; sourceTree = "<group>"; };
		7B45F2E720BE84E900CDFD90 /* SPORT 2.0UITests.xctest */ = {isa = PBXFileReference; explicitFileType = wrapper.cfbundle; includeInIndex = 0; path = "SPORT 2.0UITests.xctest"; sourceTree = BUILT_PRODUCTS_DIR; };
		7B45F2EB20BE84E900CDFD90 /* SPORT_2_0UITests.swift */ = {isa = PBXFileReference; lastKnownFileType = sourcecode.swift; path = SPORT_2_0UITests.swift; sourceTree = "<group>"; };
		7B45F2ED20BE84E900CDFD90 /* Info.plist */ = {isa = PBXFileReference; lastKnownFileType = text.plist.xml; path = Info.plist; sourceTree = "<group>"; };
/* End PBXFileReference section */

/* Begin PBXFrameworksBuildPhase section */
		7B45F2C520BE84E500CDFD90 /* Frameworks */ = {
			isa = PBXFrameworksBuildPhase;
			buildActionMask = 2147483647;
			files = (
			);
			runOnlyForDeploymentPostprocessing = 0;
		};
		7B45F2D920BE84E900CDFD90 /* Frameworks */ = {
			isa = PBXFrameworksBuildPhase;
			buildActionMask = 2147483647;
			files = (
			);
			runOnlyForDeploymentPostprocessing = 0;
		};
		7B45F2E420BE84E900CDFD90 /* Frameworks */ = {
			isa = PBXFrameworksBuildPhase;
			buildActionMask = 2147483647;
			files = (
			);
			runOnlyForDeploymentPostprocessing = 0;
		};
/* End PBXFrameworksBuildPhase section */

/* Begin PBXGroup section */
		7B45F2BF20BE84E500CDFD90 = {
			isa = PBXGroup;
			children = (
				7B45F2CA20BE84E500CDFD90 /* SPORT 2.0 */,
				7B45F2DF20BE84E900CDFD90 /* SPORT 2.0Tests */,
				7B45F2EA20BE84E900CDFD90 /* SPORT 2.0UITests */,
				7B45F2C920BE84E500CDFD90 /* Products */,
			);
			sourceTree = "<group>";
		};
		7B45F2C920BE84E500CDFD90 /* Products */ = {
			isa = PBXGroup;
			children = (
				7B45F2C820BE84E500CDFD90 /* SPORT 2.0.app */,
				7B45F2DC20BE84E900CDFD90 /* SPORT 2.0Tests.xctest */,
				7B45F2E720BE84E900CDFD90 /* SPORT 2.0UITests.xctest */,
			);
			name = Products;
			sourceTree = "<group>";
		};
		7B45F2CA20BE84E500CDFD90 /* SPORT 2.0 */ = {
			isa = PBXGroup;
			children = (
				7B45F2CB20BE84E500CDFD90 /* AppDelegate.swift */,
				7B45F2CD20BE84E500CDFD90 /* ViewController.swift */,
				7B45F2CF20BE84E500CDFD90 /* Main.storyboard */,
				7B45F2D220BE84E800CDFD90 /* Assets.xcassets */,
				7B45F2D420BE84E800CDFD90 /* LaunchScreen.storyboard */,
				7B45F2D720BE84E800CDFD90 /* Info.plist */,
			);
			path = "SPORT 2.0";
			sourceTree = "<group>";
		};
		7B45F2DF20BE84E900CDFD90 /* SPORT 2.0Tests */ = {
			isa = PBXGroup;
			children = (
				7B45F2E020BE84E900CDFD90 /* SPORT_2_0Tests.swift */,
				7B45F2E220BE84E900CDFD90 /* Info.plist */,
			);
			path = "SPORT 2.0Tests";
			sourceTree = "<group>";
		};
		7B45F2EA20BE84E900CDFD90 /* SPORT 2.0UITests */ = {
			isa = PBXGroup;
			children = (
				7B45F2EB20BE84E900CDFD90 /* SPORT_2_0UITests.swift */,
				7B45F2ED20BE84E900CDFD90 /* Info.plist */,
			);
			path = "SPORT 2.0UITests";
			sourceTree = "<group>";
		};
/* End PBXGroup section */

/* Begin PBXNativeTarget section */
		7B45F2C720BE84E500CDFD90 /* SPORT 2.0 */ = {
			isa = PBXNativeTarget;
			buildConfigurationList = 7B45F2F020BE84E900CDFD90 /* Build configuration list for PBXNativeTarget "SPORT 2.0" */;
			buildPhases = (
				7B45F2C420BE84E500CDFD90 /* Sources */,
				7B45F2C520BE84E500CDFD90 /* Frameworks */,
				7B45F2C620BE84E500CDFD90 /* Resources */,
			);
			buildRules = (
			);
			dependencies = (
			);
			name = "SPORT 2.0";
			productName = "SPORT 2.0";
			productReference = 7B45F2C820BE84E500CDFD90 /* SPORT 2.0.app */;
			productType = "com.apple.product-type.application";
		};
		7B45F2DB20BE84E900CDFD90 /* SPORT 2.0Tests */ = {
			isa = PBXNativeTarget;
			buildConfigurationList = 7B45F2F320BE84E900CDFD90 /* Build configuration list for PBXNativeTarget "SPORT 2.0Tests" */;
			buildPhases = (
				7B45F2D820BE84E900CDFD90 /* Sources */,
				7B45F2D920BE84E900CDFD90 /* Frameworks */,
				7B45F2DA20BE84E900CDFD90 /* Resources */,
			);
			buildRules = (
			);
			dependencies = (
				7B45F2DE20BE84E900CDFD90 /* PBXTargetDependency */,
			);
			name = "SPORT 2.0Tests";
			productName = "SPORT 2.0Tests";
			productReference = 7B45F2DC20BE84E900CDFD90 /* SPORT 2.0Tests.xctest */;
			productType = "com.apple.product-type.bundle.unit-test";
		};
		7B45F2E620BE84E900CDFD90 /* SPORT 2.0UITests */ = {
			isa = PBXNativeTarget;
			buildConfigurationList = 7B45F2F620BE84E900CDFD90 /* Build configuration list for PBXNativeTarget "SPORT 2.0UITests" */;
			buildPhases = (
				7B45F2E320BE84E900CDFD90 /* Sources */,
				7B45F2E420BE84E900CDFD90 /* Frameworks */,
				7B45F2E520BE84E900CDFD90 /* Resources */,
			);
			buildRules = (
			);
			dependencies = (
				7B45F2E920BE84E900CDFD90 /* PBXTargetDependency */,
			);
			name = "SPORT 2.0UITests";
			productName = "SPORT 2.0UITests";
			productReference = 7B45F2E720BE84E900CDFD90 /* SPORT 2.0UITests.xctest */;
			productType = "com.apple.product-type.bundle.ui-testing";
		};
/* End PBXNativeTarget section */

/* Begin PBXProject section */
		7B45F2C020BE84E500CDFD90 /* Project object */ = {
			isa = PBXProject;
			attributes = {
				LastSwiftUpdateCheck = 0930;
				LastUpgradeCheck = 0930;
				ORGANIZATIONNAME = "Julien SCHMIDT";
				TargetAttributes = {
					7B45F2C720BE84E500CDFD90 = {
						CreatedOnToolsVersion = 9.3.1;
					};
					7B45F2DB20BE84E900CDFD90 = {
						CreatedOnToolsVersion = 9.3.1;
						TestTargetID = 7B45F2C720BE84E500CDFD90;
					};
					7B45F2E620BE84E900CDFD90 = {
						CreatedOnToolsVersion = 9.3.1;
						TestTargetID = 7B45F2C720BE84E500CDFD90;
					};
				};
			};
			buildConfigurationList = 7B45F2C320BE84E500CDFD90 /* Build configuration list for PBXProject "SPORT 2.0" */;
			compatibilityVersion = "Xcode 9.3";
			developmentRegion = en;
			hasScannedForEncodings = 0;
			knownRegions = (
				en,
				Base,
			);
			mainGroup = 7B45F2BF20BE84E500CDFD90;
			productRefGroup = 7B45F2C920BE84E500CDFD90 /* Products */;
			projectDirPath = "";
			projectRoot = "";
			targets = (
				7B45F2C720BE84E500CDFD90 /* SPORT 2.0 */,
				7B45F2DB20BE84E900CDFD90 /* SPORT 2.0Tests */,
				7B45F2E620BE84E900CDFD90 /* SPORT 2.0UITests */,
			);
		};
/* End PBXProject section */

/* Begin PBXResourcesBuildPhase section */
		7B45F2C620BE84E500CDFD90 /* Resources */ = {
			isa = PBXResourcesBuildPhase;
			buildActionMask = 2147483647;
			files = (
				7B45F2D620BE84E800CDFD90 /* LaunchScreen.storyboard in Resources */,
				7B45F2D320BE84E800CDFD90 /* Assets.xcassets in Resources */,
				7B45F2D120BE84E500CDFD90 /* Main.storyboard in Resources */,
			);
			runOnlyForDeploymentPostprocessing = 0;
		};
		7B45F2DA20BE84E900CDFD90 /* Resources */ = {
			isa = PBXResourcesBuildPhase;
			buildActionMask = 2147483647;
			files = (
			);
			runOnlyForDeploymentPostprocessing = 0;
		};
		7B45F2E520BE84E900CDFD90 /* Resources */ = {
			isa = PBXResourcesBuildPhase;
			buildActionMask = 2147483647;
			files = (
			);
			runOnlyForDeploymentPostprocessing = 0;
		};
/* End PBXResourcesBuildPhase section */

/* Begin PBXSourcesBuildPhase section */
		7B45F2C420BE84E500CDFD90 /* Sources */ = {
			isa = PBXSourcesBuildPhase;
			buildActionMask = 2147483647;
			files = (
				7B45F2CE20BE84E500CDFD90 /* ViewController.swift in Sources */,
				7B45F2CC20BE84E500CDFD90 /* AppDelegate.swift in Sources */,
			);
			runOnlyForDeploymentPostprocessing = 0;
		};
		7B45F2D820BE84E900CDFD90 /* Sources */ = {
			isa = PBXSourcesBuildPhase;
			buildActionMask = 2147483647;
			files = (
				7B45F2E120BE84E900CDFD90 /* SPORT_2_0Tests.swift in Sources */,
			);
			runOnlyForDeploymentPostprocessing = 0;
		};
		7B45F2E320BE84E900CDFD90 /* Sources */ = {
			isa = PBXSourcesBuildPhase;
			buildActionMask = 2147483647;
			files = (
				7B45F2EC20BE84E900CDFD90 /* SPORT_2_0UITests.swift in Sources */,
			);
			runOnlyForDeploymentPostprocessing = 0;
		};
/* End PBXSourcesBuildPhase section */

/* Begin PBXTargetDependency section */
		7B45F2DE20BE84E900CDFD90 /* PBXTargetDependency */ = {
			isa = PBXTargetDependency;
			target = 7B45F2C720BE84E500CDFD90 /* SPORT 2.0 */;
			targetProxy = 7B45F2DD20BE84E900CDFD90 /* PBXContainerItemProxy */;
		};
		7B45F2E920BE84E900CDFD90 /* PBXTargetDependency */ = {
			isa = PBXTargetDependency;
			target = 7B45F2C720BE84E500CDFD90 /* SPORT 2.0 */;
			targetProxy = 7B45F2E820BE84E900CDFD90 /* PBXContainerItemProxy */;
		};
/* End PBXTargetDependency section */

/* Begin PBXVariantGroup section */
		7B45F2CF20BE84E500CDFD90 /* Main.storyboard */ = {
			isa = PBXVariantGroup;
			children = (
				7B45F2D020BE84E500CDFD90 /* Base */,
			);
			name = Main.storyboard;
			sourceTree = "<group>";
		};
		7B45F2D420BE84E800CDFD90 /* LaunchScreen.storyboard */ = {
			isa = PBXVariantGroup;
			children = (
				7B45F2D520BE84E800CDFD90 /* Base */,
			);
			name = LaunchScreen.storyboard;
			sourceTree = "<group>";
		};
/* End PBXVariantGroup section */

/* Begin XCBuildConfiguration section */
		7B45F2EE20BE84E900CDFD90 /* Debug */ = {
			isa = XCBuildConfiguration;
			buildSettings = {
				ALWAYS_SEARCH_USER_PATHS = NO;
				CLANG_ANALYZER_NONNULL = YES;
				CLANG_ANALYZER_NUMBER_OBJECT_CONVERSION = YES_AGGRESSIVE;
				CLANG_CXX_LANGUAGE_STANDARD = "gnu++14";
				CLANG_CXX_LIBRARY = "libc++";
				CLANG_ENABLE_MODULES = YES;
				CLANG_ENABLE_OBJC_ARC = YES;
				CLANG_ENABLE_OBJC_WEAK = YES;
				CLANG_WARN_BLOCK_CAPTURE_AUTORELEASING = YES;
				CLANG_WARN_BOOL_CONVERSION = YES;
				CLANG_WARN_COMMA = YES;
				CLANG_WARN_CONSTANT_CONVERSION = YES;
				CLANG_WARN_DEPRECATED_OBJC_IMPLEMENTATIONS = YES;
				CLANG_WARN_DIRECT_OBJC_ISA_USAGE = YES_ERROR;
				CLANG_WARN_DOCUMENTATION_COMMENTS = YES;
				CLANG_WARN_EMPTY_BODY = YES;
				CLANG_WARN_ENUM_CONVERSION = YES;
				CLANG_WARN_INFINITE_RECURSION = YES;
				CLANG_WARN_INT_CONVERSION = YES;
				CLANG_WARN_NON_LITERAL_NULL_CONVERSION = YES;
				CLANG_WARN_OBJC_IMPLICIT_RETAIN_SELF = YES;
				CLANG_WARN_OBJC_LITERAL_CONVERSION = YES;
				CLANG_WARN_OBJC_ROOT_CLASS = YES_ERROR;
				CLANG_WARN_RANGE_LOOP_ANALYSIS = YES;
				CLANG_WARN_STRICT_PROTOTYPES = YES;
				CLANG_WARN_SUSPICIOUS_MOVE = YES;
				CLANG_WARN_UNGUARDED_AVAILABILITY = YES_AGGRESSIVE;
				CLANG_WARN_UNREACHABLE_CODE = YES;
				CLANG_WARN__DUPLICATE_METHOD_MATCH = YES;
				CODE_SIGN_IDENTITY = "iPhone Developer";
				COPY_PHASE_STRIP = NO;
				DEBUG_INFORMATION_FORMAT = dwarf;
				ENABLE_STRICT_OBJC_MSGSEND = YES;
				ENABLE_TESTABILITY = YES;
				GCC_C_LANGUAGE_STANDARD = gnu11;
				GCC_DYNAMIC_NO_PIC = NO;
				GCC_NO_COMMON_BLOCKS = YES;
				GCC_OPTIMIZATION_LEVEL = 0;
				GCC_PREPROCESSOR_DEFINITIONS = (
					"DEBUG=1",
					"$(inherited)",
				);
				GCC_WARN_64_TO_32_BIT_CONVERSION = YES;
				GCC_WARN_ABOUT_RETURN_TYPE = YES_ERROR;
				GCC_WARN_UNDECLARED_SELECTOR = YES;
				GCC_WARN_UNINITIALIZED_AUTOS = YES_AGGRESSIVE;
				GCC_WARN_UNUSED_FUNCTION = YES;
				GCC_WARN_UNUSED_VARIABLE = YES;
				IPHONEOS_DEPLOYMENT_TARGET = 11.3;
				MTL_ENABLE_DEBUG_INFO = YES;
				ONLY_ACTIVE_ARCH = YES;
				SDKROOT = iphoneos;
				SWIFT_ACTIVE_COMPILATION_CONDITIONS = DEBUG;
				SWIFT_OPTIMIZATION_LEVEL = "-Onone";
			};
			name = Debug;
		};
		7B45F2EF20BE84E900CDFD90 /* Release */ = {
			isa = XCBuildConfiguration;
			buildSettings = {
				ALWAYS_SEARCH_USER_PATHS = NO;
				CLANG_ANALYZER_NONNULL = YES;
				CLANG_ANALYZER_NUMBER_OBJECT_CONVERSION = YES_AGGRESSIVE;
				CLANG_CXX_LANGUAGE_STANDARD = "gnu++14";
				CLANG_CXX_LIBRARY = "libc++";
				CLANG_ENABLE_MODULES = YES;
				CLANG_ENABLE_OBJC_ARC = YES;
				CLANG_ENABLE_OBJC_WEAK = YES;
				CLANG_WARN_BLOCK_CAPTURE_AUTORELEASING = YES;
				CLANG_WARN_BOOL_CONVERSION = YES;
				CLANG_WARN_COMMA = YES;
				CLANG_WARN_CONSTANT_CONVERSION = YES;
				CLANG_WARN_DEPRECATED_OBJC_IMPLEMENTATIONS = YES;
				CLANG_WARN_DIRECT_OBJC_ISA_USAGE = YES_ERROR;
				CLANG_WARN_DOCUMENTATION_COMMENTS = YES;
				CLANG_WARN_EMPTY_BODY = YES;
				CLANG_WARN_ENUM_CONVERSION = YES;
				CLANG_WARN_INFINITE_RECURSION = YES;
				CLANG_WARN_INT_CONVERSION = YES;
				CLANG_WARN_NON_LITERAL_NULL_CONVERSION = YES;
				CLANG_WARN_OBJC_IMPLICIT_RETAIN_SELF = YES;
				CLANG_WARN_OBJC_LITERAL_CONVERSION = YES;
				CLANG_WARN_OBJC_ROOT_CLASS = YES_ERROR;
				CLANG_WARN_RANGE_LOOP_ANALYSIS = YES;
				CLANG_WARN_STRICT_PROTOTYPES = YES;
				CLANG_WARN_SUSPICIOUS_MOVE = YES;
				CLANG_WARN_UNGUARDED_AVAILABILITY = YES_AGGRESSIVE;
				CLANG_WARN_UNREACHABLE_CODE = YES;
				CLANG_WARN__DUPLICATE_METHOD_MATCH = YES;
				CODE_SIGN_IDENTITY = "iPhone Developer";
				COPY_PHASE_STRIP = NO;
				DEBUG_INFORMATION_FORMAT = "dwarf-with-dsym";
				ENABLE_NS_ASSERTIONS = NO;
				ENABLE_STRICT_OBJC_MSGSEND = YES;
				GCC_C_LANGUAGE_STANDARD = gnu11;
				GCC_NO_COMMON_BLOCKS = YES;
				GCC_WARN_64_TO_32_BIT_CONVERSION = YES;
				GCC_WARN_ABOUT_RETURN_TYPE = YES_ERROR;
				GCC_WARN_UNDECLARED_SELECTOR = YES;
				GCC_WARN_UNINITIALIZED_AUTOS = YES_AGGRESSIVE;
				GCC_WARN_UNUSED_FUNCTION = YES;
				GCC_WARN_UNUSED_VARIABLE = YES;
				IPHONEOS_DEPLOYMENT_TARGET = 11.3;
				MTL_ENABLE_DEBUG_INFO = NO;
				SDKROOT = iphoneos;
				SWIFT_COMPILATION_MODE = wholemodule;
				SWIFT_OPTIMIZATION_LEVEL = "-O";
				VALIDATE_PRODUCT = YES;
			};
			name = Release;
		};
		7B45F2F120BE84E900CDFD90 /* Debug */ = {
			isa = XCBuildConfiguration;
			buildSettings = {
				ASSETCATALOG_COMPILER_APPICON_NAME = AppIcon;
				CODE_SIGN_STYLE = Automatic;
				DEVELOPMENT_TEAM = 37FQK6WX2R;
				INFOPLIST_FILE = "SPORT 2.0/Info.plist";
				LD_RUNPATH_SEARCH_PATHS = (
					"$(inherited)",
					"@executable_path/Frameworks",
				);
				PRODUCT_BUNDLE_IDENTIFIER = "Pandara.SPORT-2-0";
				PRODUCT_NAME = "$(TARGET_NAME)";
				SWIFT_VERSION = 4.0;
				TARGETED_DEVICE_FAMILY = "1,2";
			};
			name = Debug;
		};
		7B45F2F220BE84E900CDFD90 /* Release */ = {
			isa = XCBuildConfiguration;
			buildSettings = {
				ASSETCATALOG_COMPILER_APPICON_NAME = AppIcon;
				CODE_SIGN_STYLE = Automatic;
				DEVELOPMENT_TEAM = 37FQK6WX2R;
				INFOPLIST_FILE = "SPORT 2.0/Info.plist";
				LD_RUNPATH_SEARCH_PATHS = (
					"$(inherited)",
					"@executable_path/Frameworks",
				);
				PRODUCT_BUNDLE_IDENTIFIER = "Pandara.SPORT-2-0";
				PRODUCT_NAME = "$(TARGET_NAME)";
				SWIFT_VERSION = 4.0;
				TARGETED_DEVICE_FAMILY = "1,2";
			};
			name = Release;
		};
		7B45F2F420BE84E900CDFD90 /* Debug */ = {
			isa = XCBuildConfiguration;
			buildSettings = {
				ALWAYS_EMBED_SWIFT_STANDARD_LIBRARIES = YES;
				BUNDLE_LOADER = "$(TEST_HOST)";
				CODE_SIGN_STYLE = Automatic;
				DEVELOPMENT_TEAM = 37FQK6WX2R;
				INFOPLIST_FILE = "SPORT 2.0Tests/Info.plist";
				LD_RUNPATH_SEARCH_PATHS = (
					"$(inherited)",
					"@executable_path/Frameworks",
					"@loader_path/Frameworks",
				);
				PRODUCT_BUNDLE_IDENTIFIER = "Pandara.SPORT-2-0Tests";
				PRODUCT_NAME = "$(TARGET_NAME)";
				SWIFT_VERSION = 4.0;
				TARGETED_DEVICE_FAMILY = "1,2";
				TEST_HOST = "$(BUILT_PRODUCTS_DIR)/SPORT 2.0.app/SPORT 2.0";
			};
			name = Debug;
		};
		7B45F2F520BE84E900CDFD90 /* Release */ = {
			isa = XCBuildConfiguration;
			buildSettings = {
				ALWAYS_EMBED_SWIFT_STANDARD_LIBRARIES = YES;
				BUNDLE_LOADER = "$(TEST_HOST)";
				CODE_SIGN_STYLE = Automatic;
				DEVELOPMENT_TEAM = 37FQK6WX2R;
				INFOPLIST_FILE = "SPORT 2.0Tests/Info.plist";
				LD_RUNPATH_SEARCH_PATHS = (
					"$(inherited)",
					"@executable_path/Frameworks",
					"@loader_path/Frameworks",
				);
				PRODUCT_BUNDLE_IDENTIFIER = "Pandara.SPORT-2-0Tests";
				PRODUCT_NAME = "$(TARGET_NAME)";
				SWIFT_VERSION = 4.0;
				TARGETED_DEVICE_FAMILY = "1,2";
				TEST_HOST = "$(BUILT_PRODUCTS_DIR)/SPORT 2.0.app/SPORT 2.0";
			};
			name = Release;
		};
		7B45F2F720BE84E900CDFD90 /* Debug */ = {
			isa = XCBuildConfiguration;
			buildSettings = {
				ALWAYS_EMBED_SWIFT_STANDARD_LIBRARIES = YES;
				CODE_SIGN_STYLE = Automatic;
				DEVELOPMENT_TEAM = 37FQK6WX2R;
				INFOPLIST_FILE = "SPORT 2.0UITests/Info.plist";
				LD_RUNPATH_SEARCH_PATHS = (
					"$(inherited)",
					"@executable_path/Frameworks",
					"@loader_path/Frameworks",
				);
				PRODUCT_BUNDLE_IDENTIFIER = "Pandara.SPORT-2-0UITests";
				PRODUCT_NAME = "$(TARGET_NAME)";
				SWIFT_VERSION = 4.0;
				TARGETED_DEVICE_FAMILY = "1,2";
				TEST_TARGET_NAME = "SPORT 2.0";
			};
			name = Debug;
		};
		7B45F2F820BE84E900CDFD90 /* Release */ = {
			isa = XCBuildConfiguration;
			buildSettings = {
				ALWAYS_EMBED_SWIFT_STANDARD_LIBRARIES = YES;
				CODE_SIGN_STYLE = Automatic;
				DEVELOPMENT_TEAM = 37FQK6WX2R;
				INFOPLIST_FILE = "SPORT 2.0UITests/Info.plist";
				LD_RUNPATH_SEARCH_PATHS = (
					"$(inherited)",
					"@executable_path/Frameworks",
					"@loader_path/Frameworks",
				);
				PRODUCT_BUNDLE_IDENTIFIER = "Pandara.SPORT-2-0UITests";
				PRODUCT_NAME = "$(TARGET_NAME)";
				SWIFT_VERSION = 4.0;
				TARGETED_DEVICE_FAMILY = "1,2";
				TEST_TARGET_NAME = "SPORT 2.0";
			};
			name = Release;
		};
/* End XCBuildConfiguration section */

/* Begin XCConfigurationList section */
		7B45F2C320BE84E500CDFD90 /* Build configuration list for PBXProject "SPORT 2.0" */ = {
			isa = XCConfigurationList;
			buildConfigurations = (
				7B45F2EE20BE84E900CDFD90 /* Debug */,
				7B45F2EF20BE84E900CDFD90 /* Release */,
			);
			defaultConfigurationIsVisible = 0;
			defaultConfigurationName = Release;
		};
		7B45F2F020BE84E900CDFD90 /* Build configuration list for PBXNativeTarget "SPORT 2.0" */ = {
			isa = XCConfigurationList;
			buildConfigurations = (
				7B45F2F120BE84E900CDFD90 /* Debug */,
				7B45F2F220BE84E900CDFD90 /* Release */,
			);
			defaultConfigurationIsVisible = 0;
			defaultConfigurationName = Release;
		};
		7B45F2F320BE84E900CDFD90 /* Build configuration list for PBXNativeTarget "SPORT 2.0Tests" */ = {
			isa = XCConfigurationList;
			buildConfigurations = (
				7B45F2F420BE84E900CDFD90 /* Debug */,
				7B45F2F520BE84E900CDFD90 /* Release */,
			);
			defaultConfigurationIsVisible = 0;
			defaultConfigurationName = Release;
		};
		7B45F2F620BE84E900CDFD90 /* Build configuration list for PBXNativeTarget "SPORT 2.0UITests" */ = {
			isa = XCConfigurationList;
			buildConfigurations = (
				7B45F2F720BE84E900CDFD90 /* Debug */,
				7B45F2F820BE84E900CDFD90 /* Release */,
			);
			defaultConfigurationIsVisible = 0;
			defaultConfigurationName = Release;
		};
/* End XCConfigurationList section */
	};
	rootObject = 7B45F2C020BE84E500CDFD90 /* Project object */;
}
